
Microsoft Visual Studio Solution File, Format Version 12.00
# Visual Studio Version 17
VisualStudioVersion = 17.14.36310.24 d17.14
MinimumVisualStudioVersion = 10.0.40219.1
Project("{FAE04EC0-301F-11D3-BF4B-00C04F79EFBC}") = "TimeClocker", "TimeClocker.csproj", "{4E3A3393-1B1E-4305-8D13-6C4BD8A54E03}"
EndProject
Global
	GlobalSection(SolutionConfigurationPlatforms) = preSolution
		Debug|Any CPU = Debug|Any CPU
		Release|Any CPU = Release|Any CPU
	EndGlobalSection
	GlobalSection(ProjectConfigurationPlatforms) = postSolution
		{4E3A3393-1B1E-4305-8D13-6C4BD8A54E03}.Debug|Any CPU.ActiveCfg = Debug|Any CPU
		{4E3A3393-1B1E-4305-8D13-6C4BD8A54E03}.Debug|Any CPU.Build.0 = Debug|Any CPU
		{4E3A3393-1B1E-4305-8D13-6C4BD8A54E03}.Release|Any CPU.ActiveCfg = Release|Any CPU
		{4E3A3393-1B1E-4305-8D13-6C4BD8A54E03}.Release|Any CPU.Build.0 = Release|Any CPU
	EndGlobalSection
	GlobalSection(SolutionProperties) = preSolution
		HideSolutionNode = FALSE
	EndGlobalSection
	GlobalSection(ExtensibilityGlobals) = postSolution
		SolutionGuid = {CCEDD2AA-C026-4546-9488-4615E8F34F5D}
	EndGlobalSection
EndGlobal
